
Microsoft Visual Studio Solution File, Format Version 12.00
# Visual Studio Version 16
VisualStudioVersion = 16.0.30309.148
MinimumVisualStudioVersion = 10.0.40219.1
Project("{FAE04EC0-301F-11D3-BF4B-00C04F79EFBC}") = "LiveTVAdmin.Server", "LiveTVAdmin\Server\LiveTVAdmin.Server.csproj", "{70FF4F9F-D3E7-4D07-B0E9-B27A2D959E3C}"
EndProject
Project("{FAE04EC0-301F-11D3-BF4B-00C04F79EFBC}") = "LiveTVAdmin.Client", "LiveTVAdmin\Client\LiveTVAdmin.Client.csproj", "{8B6359FA-44B0-40DE-B24B-89E212FC0B40}"
EndProject
Project("{FAE04EC0-301F-11D3-BF4B-00C04F79EFBC}") = "LiveTVAdmin.Shared", "LiveTVAdmin\Shared\LiveTVAdmin.Shared.csproj", "{38B5696A-0514-49C0-9D90-C5275B76380D}"
EndProject
Global
	GlobalSection(SolutionConfigurationPlatforms) = preSolution
		Debug|Any CPU = Debug|Any CPU
		Release|Any CPU = Release|Any CPU
	EndGlobalSection
	GlobalSection(ProjectConfigurationPlatforms) = postSolution
		{70FF4F9F-D3E7-4D07-B0E9-B27A2D959E3C}.Debug|Any CPU.ActiveCfg = Debug|Any CPU
		{70FF4F9F-D3E7-4D07-B0E9-B27A2D959E3C}.Debug|Any CPU.Build.0 = Debug|Any CPU
		{70FF4F9F-D3E7-4D07-B0E9-B27A2D959E3C}.Release|Any CPU.ActiveCfg = Release|Any CPU
		{70FF4F9F-D3E7-4D07-B0E9-B27A2D959E3C}.Release|Any CPU.Build.0 = Release|Any CPU
		{8B6359FA-44B0-40DE-B24B-89E212FC0B40}.Debug|Any CPU.ActiveCfg = Debug|Any CPU
		{8B6359FA-44B0-40DE-B24B-89E212FC0B40}.Debug|Any CPU.Build.0 = Debug|Any CPU
		{8B6359FA-44B0-40DE-B24B-89E212FC0B40}.Release|Any CPU.ActiveCfg = Release|Any CPU
		{8B6359FA-44B0-40DE-B24B-89E212FC0B40}.Release|Any CPU.Build.0 = Release|Any CPU
		{38B5696A-0514-49C0-9D90-C5275B76380D}.Debug|Any CPU.ActiveCfg = Debug|Any CPU
		{38B5696A-0514-49C0-9D90-C5275B76380D}.Debug|Any CPU.Build.0 = Debug|Any CPU
		{38B5696A-0514-49C0-9D90-C5275B76380D}.Release|Any CPU.ActiveCfg = Release|Any CPU
		{38B5696A-0514-49C0-9D90-C5275B76380D}.Release|Any CPU.Build.0 = Release|Any CPU
	EndGlobalSection
	GlobalSection(SolutionProperties) = preSolution
		HideSolutionNode = FALSE
	EndGlobalSection
	GlobalSection(ExtensibilityGlobals) = postSolution
		SolutionGuid = {3A5FF9B5-8E12-40F8-B453-A446E0C41E61}
	EndGlobalSection
EndGlobal
